// !$*UTF8*$!
{
	archiveVersion = 1;
	classes = {
	};
	objectVersion = 50;
	objects = {

/* Begin PBXBuildFile section */
		432F725D233A582D006D6A5D /* cc.jpg in Resources */ = {isa = PBXBuildFile; fileRef = 432F725C233A582D006D6A5D /* cc.jpg */; };
		433CC44623338F48005E6C18 /* AppDelegate.swift in Sources */ = {isa = PBXBuildFile; fileRef = 433CC44523338F48005E6C18 /* AppDelegate.swift */; };
		433CC44823338F48005E6C18 /* ViewController.swift in Sources */ = {isa = PBXBuildFile; fileRef = 433CC44723338F48005E6C18 /* ViewController.swift */; };
		433CC44B23338F48005E6C18 /* Main.storyboard in Resources */ = {isa = PBXBuildFile; fileRef = 433CC44923338F48005E6C18 /* Main.storyboard */; };
		433CC44D23338F49005E6C18 /* Assets.xcassets in Resources */ = {isa = PBXBuildFile; fileRef = 433CC44C23338F49005E6C18 /* Assets.xcassets */; };
		433CC45023338F49005E6C18 /* LaunchScreen.storyboard in Resources */ = {isa = PBXBuildFile; fileRef = 433CC44E23338F49005E6C18 /* LaunchScreen.storyboard */; };
		433CC45B23338F49005E6C18 /* SampleTests.swift in Sources */ = {isa = PBXBuildFile; fileRef = 433CC45A23338F49005E6C18 /* SampleTests.swift */; };
		433CC46623338F49005E6C18 /* SampleUITests.swift in Sources */ = {isa = PBXBuildFile; fileRef = 433CC46523338F49005E6C18 /* SampleUITests.swift */; };
		433F0F88233B670400940F66 /* MVer.swift in Sources */ = {isa = PBXBuildFile; fileRef = 433F0F82233B670400940F66 /* MVer.swift */; };
		433F0F89233B670400940F66 /* Earns.swift in Sources */ = {isa = PBXBuildFile; fileRef = 433F0F83233B670400940F66 /* Earns.swift */; };
		433F0F8A233B670400940F66 /* Treasure.swift in Sources */ = {isa = PBXBuildFile; fileRef = 433F0F84233B670400940F66 /* Treasure.swift */; };
		433F0F8B233B670400940F66 /* PlayQuestResponse.swift in Sources */ = {isa = PBXBuildFile; fileRef = 433F0F85233B670400940F66 /* PlayQuestResponse.swift */; };
		433F0F8C233B670400940F66 /* Data.swift in Sources */ = {isa = PBXBuildFile; fileRef = 433F0F86233B670400940F66 /* Data.swift */; };
		433F0F8D233B670400940F66 /* Bonus.swift in Sources */ = {isa = PBXBuildFile; fileRef = 433F0F87233B670400940F66 /* Bonus.swift */; };
		4368F759233B04000044A670 /* QuestQueryViewController.swift in Sources */ = {isa = PBXBuildFile; fileRef = 4368F758233B04000044A670 /* QuestQueryViewController.swift */; };
		4368F75B233B096E0044A670 /* QuestTableViewCell.swift in Sources */ = {isa = PBXBuildFile; fileRef = 4368F75A233B096E0044A670 /* QuestTableViewCell.swift */; };
		4368F75D233B0F670044A670 /* Quest.swift in Sources */ = {isa = PBXBuildFile; fileRef = 4368F75C233B0F670044A670 /* Quest.swift */; };
		4391B7F72334C0E10033A976 /* gacha.jpg in Resources */ = {isa = PBXBuildFile; fileRef = 4391B7F62334C0E10033A976 /* gacha.jpg */; };
		43C936B12334B54E007FDFCD /* sample.jpg in Resources */ = {isa = PBXBuildFile; fileRef = 43C936B02334B54E007FDFCD /* sample.jpg */; };
		43C936B32334B796007FDFCD /* StatusViewController.swift in Sources */ = {isa = PBXBuildFile; fileRef = 43C936B22334B796007FDFCD /* StatusViewController.swift */; };
		43C936B52334B7A9007FDFCD /* GachaViewController.swift in Sources */ = {isa = PBXBuildFile; fileRef = 43C936B42334B7A9007FDFCD /* GachaViewController.swift */; };
		43C936B72334B7BF007FDFCD /* BuyItemViewController.swift in Sources */ = {isa = PBXBuildFile; fileRef = 43C936B62334B7BF007FDFCD /* BuyItemViewController.swift */; };
		43C936B92334B7C8007FDFCD /* QuestViewController.swift in Sources */ = {isa = PBXBuildFile; fileRef = 43C936B82334B7C8007FDFCD /* QuestViewController.swift */; };
/* End PBXBuildFile section */

/* Begin PBXContainerItemProxy section */
		433CC45723338F49005E6C18 /* PBXContainerItemProxy */ = {
			isa = PBXContainerItemProxy;
			containerPortal = 433CC43A23338F48005E6C18 /* Project object */;
			proxyType = 1;
			remoteGlobalIDString = 433CC44123338F48005E6C18;
			remoteInfo = Sample;
		};
		433CC46223338F49005E6C18 /* PBXContainerItemProxy */ = {
			isa = PBXContainerItemProxy;
			containerPortal = 433CC43A23338F48005E6C18 /* Project object */;
			proxyType = 1;
			remoteGlobalIDString = 433CC44123338F48005E6C18;
			remoteInfo = Sample;
		};
/* End PBXContainerItemProxy section */

/* Begin PBXFileReference section */
		432F725C233A582D006D6A5D /* cc.jpg */ = {isa = PBXFileReference; lastKnownFileType = image.jpeg; path = cc.jpg; sourceTree = "<group>"; };
		433CC44223338F48005E6C18 /* Sample.app */ = {isa = PBXFileReference; explicitFileType = wrapper.application; includeInIndex = 0; path = Sample.app; sourceTree = BUILT_PRODUCTS_DIR; };
		433CC44523338F48005E6C18 /* AppDelegate.swift */ = {isa = PBXFileReference; lastKnownFileType = sourcecode.swift; path = AppDelegate.swift; sourceTree = "<group>"; };
		433CC44723338F48005E6C18 /* ViewController.swift */ = {isa = PBXFileReference; lastKnownFileType = sourcecode.swift; path = ViewController.swift; sourceTree = "<group>"; };
		433CC44A23338F48005E6C18 /* Base */ = {isa = PBXFileReference; lastKnownFileType = file.storyboard; name = Base; path = Base.lproj/Main.storyboard; sourceTree = "<group>"; };
		433CC44C23338F49005E6C18 /* Assets.xcassets */ = {isa = PBXFileReference; lastKnownFileType = folder.assetcatalog; path = Assets.xcassets; sourceTree = "<group>"; };
		433CC44F23338F49005E6C18 /* Base */ = {isa = PBXFileReference; lastKnownFileType = file.storyboard; name = Base; path = Base.lproj/LaunchScreen.storyboard; sourceTree = "<group>"; };
		433CC45123338F49005E6C18 /* Info.plist */ = {isa = PBXFileReference; lastKnownFileType = text.plist.xml; path = Info.plist; sourceTree = "<group>"; };
		433CC45623338F49005E6C18 /* SampleTests.xctest */ = {isa = PBXFileReference; explicitFileType = wrapper.cfbundle; includeInIndex = 0; path = SampleTests.xctest; sourceTree = BUILT_PRODUCTS_DIR; };
		433CC45A23338F49005E6C18 /* SampleTests.swift */ = {isa = PBXFileReference; lastKnownFileType = sourcecode.swift; path = SampleTests.swift; sourceTree = "<group>"; };
		433CC45C23338F49005E6C18 /* Info.plist */ = {isa = PBXFileReference; lastKnownFileType = text.plist.xml; path = Info.plist; sourceTree = "<group>"; };
		433CC46123338F49005E6C18 /* SampleUITests.xctest */ = {isa = PBXFileReference; explicitFileType = wrapper.cfbundle; includeInIndex = 0; path = SampleUITests.xctest; sourceTree = BUILT_PRODUCTS_DIR; };
		433CC46523338F49005E6C18 /* SampleUITests.swift */ = {isa = PBXFileReference; lastKnownFileType = sourcecode.swift; path = SampleUITests.swift; sourceTree = "<group>"; };
		433CC46723338F49005E6C18 /* Info.plist */ = {isa = PBXFileReference; lastKnownFileType = text.plist.xml; path = Info.plist; sourceTree = "<group>"; };
		433F0F82233B670400940F66 /* MVer.swift */ = {isa = PBXFileReference; fileEncoding = 4; lastKnownFileType = sourcecode.swift; path = MVer.swift; sourceTree = "<group>"; };
		433F0F83233B670400940F66 /* Earns.swift */ = {isa = PBXFileReference; fileEncoding = 4; lastKnownFileType = sourcecode.swift; path = Earns.swift; sourceTree = "<group>"; };
		433F0F84233B670400940F66 /* Treasure.swift */ = {isa = PBXFileReference; fileEncoding = 4; lastKnownFileType = sourcecode.swift; path = Treasure.swift; sourceTree = "<group>"; };
		433F0F85233B670400940F66 /* PlayQuestResponse.swift */ = {isa = PBXFileReference; fileEncoding = 4; lastKnownFileType = sourcecode.swift; path = PlayQuestResponse.swift; sourceTree = "<group>"; };
		433F0F86233B670400940F66 /* Data.swift */ = {isa = PBXFileReference; fileEncoding = 4; lastKnownFileType = sourcecode.swift; path = Data.swift; sourceTree = "<group>"; };
		433F0F87233B670400940F66 /* Bonus.swift */ = {isa = PBXFileReference; fileEncoding = 4; lastKnownFileType = sourcecode.swift; path = Bonus.swift; sourceTree = "<group>"; };
		4368F758233B04000044A670 /* QuestQueryViewController.swift */ = {isa = PBXFileReference; lastKnownFileType = sourcecode.swift; path = QuestQueryViewController.swift; sourceTree = "<group>"; };
		4368F75A233B096E0044A670 /* QuestTableViewCell.swift */ = {isa = PBXFileReference; lastKnownFileType = sourcecode.swift; path = QuestTableViewCell.swift; sourceTree = "<group>"; };
		4368F75C233B0F670044A670 /* Quest.swift */ = {isa = PBXFileReference; lastKnownFileType = sourcecode.swift; path = Quest.swift; sourceTree = "<group>"; };
		4391B7F62334C0E10033A976 /* gacha.jpg */ = {isa = PBXFileReference; lastKnownFileType = image.jpeg; path = gacha.jpg; sourceTree = "<group>"; };
		43C936B02334B54E007FDFCD /* sample.jpg */ = {isa = PBXFileReference; lastKnownFileType = image.jpeg; path = sample.jpg; sourceTree = "<group>"; };
		43C936B22334B796007FDFCD /* StatusViewController.swift */ = {isa = PBXFileReference; lastKnownFileType = sourcecode.swift; path = StatusViewController.swift; sourceTree = "<group>"; };
		43C936B42334B7A9007FDFCD /* GachaViewController.swift */ = {isa = PBXFileReference; lastKnownFileType = sourcecode.swift; path = GachaViewController.swift; sourceTree = "<group>"; };
		43C936B62334B7BF007FDFCD /* BuyItemViewController.swift */ = {isa = PBXFileReference; lastKnownFileType = sourcecode.swift; path = BuyItemViewController.swift; sourceTree = "<group>"; };
		43C936B82334B7C8007FDFCD /* QuestViewController.swift */ = {isa = PBXFileReference; lastKnownFileType = sourcecode.swift; path = QuestViewController.swift; sourceTree = "<group>"; };
/* End PBXFileReference section */

/* Begin PBXFrameworksBuildPhase section */
		433CC43F23338F48005E6C18 /* Frameworks */ = {
			isa = PBXFrameworksBuildPhase;
			buildActionMask = 2147483647;
			files = (
			);
			runOnlyForDeploymentPostprocessing = 0;
		};
		433CC45323338F49005E6C18 /* Frameworks */ = {
			isa = PBXFrameworksBuildPhase;
			buildActionMask = 2147483647;
			files = (
			);
			runOnlyForDeploymentPostprocessing = 0;
		};
		433CC45E23338F49005E6C18 /* Frameworks */ = {
			isa = PBXFrameworksBuildPhase;
			buildActionMask = 2147483647;
			files = (
			);
			runOnlyForDeploymentPostprocessing = 0;
		};
/* End PBXFrameworksBuildPhase section */

/* Begin PBXGroup section */
		433CC43923338F48005E6C18 = {
			isa = PBXGroup;
			children = (
				433CC44423338F48005E6C18 /* Sample */,
				433CC45923338F49005E6C18 /* SampleTests */,
				433CC46423338F49005E6C18 /* SampleUITests */,
				433CC44323338F48005E6C18 /* Products */,
			);
			sourceTree = "<group>";
		};
		433CC44323338F48005E6C18 /* Products */ = {
			isa = PBXGroup;
			children = (
				433CC44223338F48005E6C18 /* Sample.app */,
				433CC45623338F49005E6C18 /* SampleTests.xctest */,
				433CC46123338F49005E6C18 /* SampleUITests.xctest */,
			);
			name = Products;
			sourceTree = "<group>";
		};
		433CC44423338F48005E6C18 /* Sample */ = {
			isa = PBXGroup;
			children = (
				433F0F81233B66E100940F66 /* playquest */,
				433CC44523338F48005E6C18 /* AppDelegate.swift */,
				433CC44723338F48005E6C18 /* ViewController.swift */,
				433CC44923338F48005E6C18 /* Main.storyboard */,
				4368F758233B04000044A670 /* QuestQueryViewController.swift */,
				43C936B22334B796007FDFCD /* StatusViewController.swift */,
				43C936B42334B7A9007FDFCD /* GachaViewController.swift */,
				43C936B62334B7BF007FDFCD /* BuyItemViewController.swift */,
				43C936B82334B7C8007FDFCD /* QuestViewController.swift */,
				43C936B02334B54E007FDFCD /* sample.jpg */,
				432F725C233A582D006D6A5D /* cc.jpg */,
				4391B7F62334C0E10033A976 /* gacha.jpg */,
				433CC44C23338F49005E6C18 /* Assets.xcassets */,
				433CC44E23338F49005E6C18 /* LaunchScreen.storyboard */,
				433CC45123338F49005E6C18 /* Info.plist */,
				4368F75A233B096E0044A670 /* QuestTableViewCell.swift */,
				4368F75C233B0F670044A670 /* Quest.swift */,
			);
			path = Sample;
			sourceTree = "<group>";
		};
		433CC45923338F49005E6C18 /* SampleTests */ = {
			isa = PBXGroup;
			children = (
				433CC45A23338F49005E6C18 /* SampleTests.swift */,
				433CC45C23338F49005E6C18 /* Info.plist */,
			);
			path = SampleTests;
			sourceTree = "<group>";
		};
		433CC46423338F49005E6C18 /* SampleUITests */ = {
			isa = PBXGroup;
			children = (
				433CC46523338F49005E6C18 /* SampleUITests.swift */,
				433CC46723338F49005E6C18 /* Info.plist */,
			);
			path = SampleUITests;
			sourceTree = "<group>";
		};
		433F0F81233B66E100940F66 /* playquest */ = {
			isa = PBXGroup;
			children = (
				433F0F87233B670400940F66 /* Bonus.swift */,
				433F0F86233B670400940F66 /* Data.swift */,
				433F0F83233B670400940F66 /* Earns.swift */,
				433F0F82233B670400940F66 /* MVer.swift */,
				433F0F85233B670400940F66 /* PlayQuestResponse.swift */,
				433F0F84233B670400940F66 /* Treasure.swift */,
			);
			path = playquest;
			sourceTree = "<group>";
		};
/* End PBXGroup section */

/* Begin PBXNativeTarget section */
		433CC44123338F48005E6C18 /* Sample */ = {
			isa = PBXNativeTarget;
			buildConfigurationList = 433CC46A23338F49005E6C18 /* Build configuration list for PBXNativeTarget "Sample" */;
			buildPhases = (
				433CC43E23338F48005E6C18 /* Sources */,
				433CC43F23338F48005E6C18 /* Frameworks */,
				433CC44023338F48005E6C18 /* Resources */,
			);
			buildRules = (
			);
			dependencies = (
			);
			name = Sample;
			productName = Sample;
			productReference = 433CC44223338F48005E6C18 /* Sample.app */;
			productType = "com.apple.product-type.application";
		};
		433CC45523338F49005E6C18 /* SampleTests */ = {
			isa = PBXNativeTarget;
			buildConfigurationList = 433CC46D23338F49005E6C18 /* Build configuration list for PBXNativeTarget "SampleTests" */;
			buildPhases = (
				433CC45223338F49005E6C18 /* Sources */,
				433CC45323338F49005E6C18 /* Frameworks */,
				433CC45423338F49005E6C18 /* Resources */,
			);
			buildRules = (
			);
			dependencies = (
				433CC45823338F49005E6C18 /* PBXTargetDependency */,
			);
			name = SampleTests;
			productName = SampleTests;
			productReference = 433CC45623338F49005E6C18 /* SampleTests.xctest */;
			productType = "com.apple.product-type.bundle.unit-test";
		};
		433CC46023338F49005E6C18 /* SampleUITests */ = {
			isa = PBXNativeTarget;
			buildConfigurationList = 433CC47023338F49005E6C18 /* Build configuration list for PBXNativeTarget "SampleUITests" */;
			buildPhases = (
				433CC45D23338F49005E6C18 /* Sources */,
				433CC45E23338F49005E6C18 /* Frameworks */,
				433CC45F23338F49005E6C18 /* Resources */,
			);
			buildRules = (
			);
			dependencies = (
				433CC46323338F49005E6C18 /* PBXTargetDependency */,
			);
			name = SampleUITests;
			productName = SampleUITests;
			productReference = 433CC46123338F49005E6C18 /* SampleUITests.xctest */;
			productType = "com.apple.product-type.bundle.ui-testing";
		};
/* End PBXNativeTarget section */

/* Begin PBXProject section */
		433CC43A23338F48005E6C18 /* Project object */ = {
			isa = PBXProject;
			attributes = {
				LastSwiftUpdateCheck = 1030;
				LastUpgradeCheck = 1030;
				ORGANIZATIONNAME = nwei;
				TargetAttributes = {
					433CC44123338F48005E6C18 = {
						CreatedOnToolsVersion = 10.3;
					};
					433CC45523338F49005E6C18 = {
						CreatedOnToolsVersion = 10.3;
						TestTargetID = 433CC44123338F48005E6C18;
					};
					433CC46023338F49005E6C18 = {
						CreatedOnToolsVersion = 10.3;
						TestTargetID = 433CC44123338F48005E6C18;
					};
				};
			};
			buildConfigurationList = 433CC43D23338F48005E6C18 /* Build configuration list for PBXProject "Sample" */;
			compatibilityVersion = "Xcode 9.3";
			developmentRegion = en;
			hasScannedForEncodings = 0;
			knownRegions = (
				en,
				Base,
			);
			mainGroup = 433CC43923338F48005E6C18;
			productRefGroup = 433CC44323338F48005E6C18 /* Products */;
			projectDirPath = "";
			projectRoot = "";
			targets = (
				433CC44123338F48005E6C18 /* Sample */,
				433CC45523338F49005E6C18 /* SampleTests */,
				433CC46023338F49005E6C18 /* SampleUITests */,
			);
		};
/* End PBXProject section */

/* Begin PBXResourcesBuildPhase section */
		433CC44023338F48005E6C18 /* Resources */ = {
			isa = PBXResourcesBuildPhase;
			buildActionMask = 2147483647;
			files = (
				433CC45023338F49005E6C18 /* LaunchScreen.storyboard in Resources */,
				433CC44D23338F49005E6C18 /* Assets.xcassets in Resources */,
				433CC44B23338F48005E6C18 /* Main.storyboard in Resources */,
				432F725D233A582D006D6A5D /* cc.jpg in Resources */,
				43C936B12334B54E007FDFCD /* sample.jpg in Resources */,
				4391B7F72334C0E10033A976 /* gacha.jpg in Resources */,
			);
			runOnlyForDeploymentPostprocessing = 0;
		};
		433CC45423338F49005E6C18 /* Resources */ = {
			isa = PBXResourcesBuildPhase;
			buildActionMask = 2147483647;
			files = (
			);
			runOnlyForDeploymentPostprocessing = 0;
		};
		433CC45F23338F49005E6C18 /* Resources */ = {
			isa = PBXResourcesBuildPhase;
			buildActionMask = 2147483647;
			files = (
			);
			runOnlyForDeploymentPostprocessing = 0;
		};
/* End PBXResourcesBuildPhase section */

/* Begin PBXSourcesBuildPhase section */
		433CC43E23338F48005E6C18 /* Sources */ = {
			isa = PBXSourcesBuildPhase;
			buildActionMask = 2147483647;
			files = (
				4368F75B233B096E0044A670 /* QuestTableViewCell.swift in Sources */,
				433F0F89233B670400940F66 /* Earns.swift in Sources */,
				433CC44823338F48005E6C18 /* ViewController.swift in Sources */,
				433F0F8B233B670400940F66 /* PlayQuestResponse.swift in Sources */,
				43C936B32334B796007FDFCD /* StatusViewController.swift in Sources */,
				433CC44623338F48005E6C18 /* AppDelegate.swift in Sources */,
				43C936B52334B7A9007FDFCD /* GachaViewController.swift in Sources */,
				433F0F8C233B670400940F66 /* Data.swift in Sources */,
				433F0F88233B670400940F66 /* MVer.swift in Sources */,
				43C936B72334B7BF007FDFCD /* BuyItemViewController.swift in Sources */,
				433F0F8A233B670400940F66 /* Treasure.swift in Sources */,
				433F0F8D233B670400940F66 /* Bonus.swift in Sources */,
				4368F759233B04000044A670 /* QuestQueryViewController.swift in Sources */,
				4368F75D233B0F670044A670 /* Quest.swift in Sources */,
				43C936B92334B7C8007FDFCD /* QuestViewController.swift in Sources */,
			);
			runOnlyForDeploymentPostprocessing = 0;
		};
		433CC45223338F49005E6C18 /* Sources */ = {
			isa = PBXSourcesBuildPhase;
			buildActionMask = 2147483647;
			files = (
				433CC45B23338F49005E6C18 /* SampleTests.swift in Sources */,
			);
			runOnlyForDeploymentPostprocessing = 0;
		};
		433CC45D23338F49005E6C18 /* Sources */ = {
			isa = PBXSourcesBuildPhase;
			buildActionMask = 2147483647;
			files = (
				433CC46623338F49005E6C18 /* SampleUITests.swift in Sources */,
			);
			runOnlyForDeploymentPostprocessing = 0;
		};
/* End PBXSourcesBuildPhase section */

/* Begin PBXTargetDependency section */
		433CC45823338F49005E6C18 /* PBXTargetDependency */ = {
			isa = PBXTargetDependency;
			target = 433CC44123338F48005E6C18 /* Sample */;
			targetProxy = 433CC45723338F49005E6C18 /* PBXContainerItemProxy */;
		};
		433CC46323338F49005E6C18 /* PBXTargetDependency */ = {
			isa = PBXTargetDependency;
			target = 433CC44123338F48005E6C18 /* Sample */;
			targetProxy = 433CC46223338F49005E6C18 /* PBXContainerItemProxy */;
		};
/* End PBXTargetDependency section */

/* Begin PBXVariantGroup section */
		433CC44923338F48005E6C18 /* Main.storyboard */ = {
			isa = PBXVariantGroup;
			children = (
				433CC44A23338F48005E6C18 /* Base */,
			);
			name = Main.storyboard;
			sourceTree = "<group>";
		};
		433CC44E23338F49005E6C18 /* LaunchScreen.storyboard */ = {
			isa = PBXVariantGroup;
			children = (
				433CC44F23338F49005E6C18 /* Base */,
			);
			name = LaunchScreen.storyboard;
			sourceTree = "<group>";
		};
/* End PBXVariantGroup section */

/* Begin XCBuildConfiguration section */
		433CC46823338F49005E6C18 /* Debug */ = {
			isa = XCBuildConfiguration;
			buildSettings = {
				ALWAYS_SEARCH_USER_PATHS = NO;
				CLANG_ANALYZER_NONNULL = YES;
				CLANG_ANALYZER_NUMBER_OBJECT_CONVERSION = YES_AGGRESSIVE;
				CLANG_CXX_LANGUAGE_STANDARD = "gnu++14";
				CLANG_CXX_LIBRARY = "libc++";
				CLANG_ENABLE_MODULES = YES;
				CLANG_ENABLE_OBJC_ARC = YES;
				CLANG_ENABLE_OBJC_WEAK = YES;
				CLANG_WARN_BLOCK_CAPTURE_AUTORELEASING = YES;
				CLANG_WARN_BOOL_CONVERSION = YES;
				CLANG_WARN_COMMA = YES;
				CLANG_WARN_CONSTANT_CONVERSION = YES;
				CLANG_WARN_DEPRECATED_OBJC_IMPLEMENTATIONS = YES;
				CLANG_WARN_DIRECT_OBJC_ISA_USAGE = YES_ERROR;
				CLANG_WARN_DOCUMENTATION_COMMENTS = YES;
				CLANG_WARN_EMPTY_BODY = YES;
				CLANG_WARN_ENUM_CONVERSION = YES;
				CLANG_WARN_INFINITE_RECURSION = YES;
				CLANG_WARN_INT_CONVERSION = YES;
				CLANG_WARN_NON_LITERAL_NULL_CONVERSION = YES;
				CLANG_WARN_OBJC_IMPLICIT_RETAIN_SELF = YES;
				CLANG_WARN_OBJC_LITERAL_CONVERSION = YES;
				CLANG_WARN_OBJC_ROOT_CLASS = YES_ERROR;
				CLANG_WARN_RANGE_LOOP_ANALYSIS = YES;
				CLANG_WARN_STRICT_PROTOTYPES = YES;
				CLANG_WARN_SUSPICIOUS_MOVE = YES;
				CLANG_WARN_UNGUARDED_AVAILABILITY = YES_AGGRESSIVE;
				CLANG_WARN_UNREACHABLE_CODE = YES;
				CLANG_WARN__DUPLICATE_METHOD_MATCH = YES;
				CODE_SIGN_IDENTITY = "iPhone Developer";
				COPY_PHASE_STRIP = NO;
				DEBUG_INFORMATION_FORMAT = dwarf;
				ENABLE_STRICT_OBJC_MSGSEND = YES;
				ENABLE_TESTABILITY = YES;
				GCC_C_LANGUAGE_STANDARD = gnu11;
				GCC_DYNAMIC_NO_PIC = NO;
				GCC_NO_COMMON_BLOCKS = YES;
				GCC_OPTIMIZATION_LEVEL = 0;
				GCC_PREPROCESSOR_DEFINITIONS = (
					"DEBUG=1",
					"$(inherited)",
				);
				GCC_WARN_64_TO_32_BIT_CONVERSION = YES;
				GCC_WARN_ABOUT_RETURN_TYPE = YES_ERROR;
				GCC_WARN_UNDECLARED_SELECTOR = YES;
				GCC_WARN_UNINITIALIZED_AUTOS = YES_AGGRESSIVE;
				GCC_WARN_UNUSED_FUNCTION = YES;
				GCC_WARN_UNUSED_VARIABLE = YES;
				IPHONEOS_DEPLOYMENT_TARGET = 12.4;
				MTL_ENABLE_DEBUG_INFO = INCLUDE_SOURCE;
				MTL_FAST_MATH = YES;
				ONLY_ACTIVE_ARCH = YES;
				SDKROOT = iphoneos;
				SWIFT_ACTIVE_COMPILATION_CONDITIONS = DEBUG;
				SWIFT_OPTIMIZATION_LEVEL = "-Onone";
			};
			name = Debug;
		};
		433CC46923338F49005E6C18 /* Release */ = {
			isa = XCBuildConfiguration;
			buildSettings = {
				ALWAYS_SEARCH_USER_PATHS = NO;
				CLANG_ANALYZER_NONNULL = YES;
				CLANG_ANALYZER_NUMBER_OBJECT_CONVERSION = YES_AGGRESSIVE;
				CLANG_CXX_LANGUAGE_STANDARD = "gnu++14";
				CLANG_CXX_LIBRARY = "libc++";
				CLANG_ENABLE_MODULES = YES;
				CLANG_ENABLE_OBJC_ARC = YES;
				CLANG_ENABLE_OBJC_WEAK = YES;
				CLANG_WARN_BLOCK_CAPTURE_AUTORELEASING = YES;
				CLANG_WARN_BOOL_CONVERSION = YES;
				CLANG_WARN_COMMA = YES;
				CLANG_WARN_CONSTANT_CONVERSION = YES;
				CLANG_WARN_DEPRECATED_OBJC_IMPLEMENTATIONS = YES;
				CLANG_WARN_DIRECT_OBJC_ISA_USAGE = YES_ERROR;
				CLANG_WARN_DOCUMENTATION_COMMENTS = YES;
				CLANG_WARN_EMPTY_BODY = YES;
				CLANG_WARN_ENUM_CONVERSION = YES;
				CLANG_WARN_INFINITE_RECURSION = YES;
				CLANG_WARN_INT_CONVERSION = YES;
				CLANG_WARN_NON_LITERAL_NULL_CONVERSION = YES;
				CLANG_WARN_OBJC_IMPLICIT_RETAIN_SELF = YES;
				CLANG_WARN_OBJC_LITERAL_CONVERSION = YES;
				CLANG_WARN_OBJC_ROOT_CLASS = YES_ERROR;
				CLANG_WARN_RANGE_LOOP_ANALYSIS = YES;
				CLANG_WARN_STRICT_PROTOTYPES = YES;
				CLANG_WARN_SUSPICIOUS_MOVE = YES;
				CLANG_WARN_UNGUARDED_AVAILABILITY = YES_AGGRESSIVE;
				CLANG_WARN_UNREACHABLE_CODE = YES;
				CLANG_WARN__DUPLICATE_METHOD_MATCH = YES;
				CODE_SIGN_IDENTITY = "iPhone Developer";
				COPY_PHASE_STRIP = NO;
				DEBUG_INFORMATION_FORMAT = "dwarf-with-dsym";
				ENABLE_NS_ASSERTIONS = NO;
				ENABLE_STRICT_OBJC_MSGSEND = YES;
				GCC_C_LANGUAGE_STANDARD = gnu11;
				GCC_NO_COMMON_BLOCKS = YES;
				GCC_WARN_64_TO_32_BIT_CONVERSION = YES;
				GCC_WARN_ABOUT_RETURN_TYPE = YES_ERROR;
				GCC_WARN_UNDECLARED_SELECTOR = YES;
				GCC_WARN_UNINITIALIZED_AUTOS = YES_AGGRESSIVE;
				GCC_WARN_UNUSED_FUNCTION = YES;
				GCC_WARN_UNUSED_VARIABLE = YES;
				IPHONEOS_DEPLOYMENT_TARGET = 12.4;
				MTL_ENABLE_DEBUG_INFO = NO;
				MTL_FAST_MATH = YES;
				SDKROOT = iphoneos;
				SWIFT_COMPILATION_MODE = wholemodule;
				SWIFT_OPTIMIZATION_LEVEL = "-O";
				VALIDATE_PRODUCT = YES;
			};
			name = Release;
		};
		433CC46B23338F49005E6C18 /* Debug */ = {
			isa = XCBuildConfiguration;
			buildSettings = {
				ASSETCATALOG_COMPILER_APPICON_NAME = AppIcon;
				CODE_SIGN_STYLE = Automatic;
				DEVELOPMENT_TEAM = LF7VU7QP5T;
				INFOPLIST_FILE = Sample/Info.plist;
				LD_RUNPATH_SEARCH_PATHS = (
					"$(inherited)",
					"@executable_path/Frameworks",
				);
				PRODUCT_BUNDLE_IDENTIFIER = home.mong.Sample;
				PRODUCT_NAME = "$(TARGET_NAME)";
				SWIFT_VERSION = 5.0;
				TARGETED_DEVICE_FAMILY = "1,2";
			};
			name = Debug;
		};
		433CC46C23338F49005E6C18 /* Release */ = {
			isa = XCBuildConfiguration;
			buildSettings = {
				ASSETCATALOG_COMPILER_APPICON_NAME = AppIcon;
				CODE_SIGN_STYLE = Automatic;
				DEVELOPMENT_TEAM = LF7VU7QP5T;
				INFOPLIST_FILE = Sample/Info.plist;
				LD_RUNPATH_SEARCH_PATHS = (
					"$(inherited)",
					"@executable_path/Frameworks",
				);
				PRODUCT_BUNDLE_IDENTIFIER = home.mong.Sample;
				PRODUCT_NAME = "$(TARGET_NAME)";
				SWIFT_VERSION = 5.0;
				TARGETED_DEVICE_FAMILY = "1,2";
			};
			name = Release;
		};
		433CC46E23338F49005E6C18 /* Debug */ = {
			isa = XCBuildConfiguration;
			buildSettings = {
				ALWAYS_EMBED_SWIFT_STANDARD_LIBRARIES = YES;
				BUNDLE_LOADER = "$(TEST_HOST)";
				CODE_SIGN_STYLE = Automatic;
				INFOPLIST_FILE = SampleTests/Info.plist;
				LD_RUNPATH_SEARCH_PATHS = (
					"$(inherited)",
					"@executable_path/Frameworks",
					"@loader_path/Frameworks",
				);
				PRODUCT_BUNDLE_IDENTIFIER = home.mong.SampleTests;
				PRODUCT_NAME = "$(TARGET_NAME)";
				SWIFT_VERSION = 5.0;
				TARGETED_DEVICE_FAMILY = "1,2";
				TEST_HOST = "$(BUILT_PRODUCTS_DIR)/Sample.app/Sample";
			};
			name = Debug;
		};
		433CC46F23338F49005E6C18 /* Release */ = {
			isa = XCBuildConfiguration;
			buildSettings = {
				ALWAYS_EMBED_SWIFT_STANDARD_LIBRARIES = YES;
				BUNDLE_LOADER = "$(TEST_HOST)";
				CODE_SIGN_STYLE = Automatic;
				INFOPLIST_FILE = SampleTests/Info.plist;
				LD_RUNPATH_SEARCH_PATHS = (
					"$(inherited)",
					"@executable_path/Frameworks",
					"@loader_path/Frameworks",
				);
				PRODUCT_BUNDLE_IDENTIFIER = home.mong.SampleTests;
				PRODUCT_NAME = "$(TARGET_NAME)";
				SWIFT_VERSION = 5.0;
				TARGETED_DEVICE_FAMILY = "1,2";
				TEST_HOST = "$(BUILT_PRODUCTS_DIR)/Sample.app/Sample";
			};
			name = Release;
		};
		433CC47123338F49005E6C18 /* Debug */ = {
			isa = XCBuildConfiguration;
			buildSettings = {
				ALWAYS_EMBED_SWIFT_STANDARD_LIBRARIES = YES;
				CODE_SIGN_STYLE = Automatic;
				INFOPLIST_FILE = SampleUITests/Info.plist;
				LD_RUNPATH_SEARCH_PATHS = (
					"$(inherited)",
					"@executable_path/Frameworks",
					"@loader_path/Frameworks",
				);
				PRODUCT_BUNDLE_IDENTIFIER = home.mong.SampleUITests;
				PRODUCT_NAME = "$(TARGET_NAME)";
				SWIFT_VERSION = 5.0;
				TARGETED_DEVICE_FAMILY = "1,2";
				TEST_TARGET_NAME = Sample;
			};
			name = Debug;
		};
		433CC47223338F49005E6C18 /* Release */ = {
			isa = XCBuildConfiguration;
			buildSettings = {
				ALWAYS_EMBED_SWIFT_STANDARD_LIBRARIES = YES;
				CODE_SIGN_STYLE = Automatic;
				INFOPLIST_FILE = SampleUITests/Info.plist;
				LD_RUNPATH_SEARCH_PATHS = (
					"$(inherited)",
					"@executable_path/Frameworks",
					"@loader_path/Frameworks",
				);
				PRODUCT_BUNDLE_IDENTIFIER = home.mong.SampleUITests;
				PRODUCT_NAME = "$(TARGET_NAME)";
				SWIFT_VERSION = 5.0;
				TARGETED_DEVICE_FAMILY = "1,2";
				TEST_TARGET_NAME = Sample;
			};
			name = Release;
		};
/* End XCBuildConfiguration section */

/* Begin XCConfigurationList section */
		433CC43D23338F48005E6C18 /* Build configuration list for PBXProject "Sample" */ = {
			isa = XCConfigurationList;
			buildConfigurations = (
				433CC46823338F49005E6C18 /* Debug */,
				433CC46923338F49005E6C18 /* Release */,
			);
			defaultConfigurationIsVisible = 0;
			defaultConfigurationName = Release;
		};
		433CC46A23338F49005E6C18 /* Build configuration list for PBXNativeTarget "Sample" */ = {
			isa = XCConfigurationList;
			buildConfigurations = (
				433CC46B23338F49005E6C18 /* Debug */,
				433CC46C23338F49005E6C18 /* Release */,
			);
			defaultConfigurationIsVisible = 0;
			defaultConfigurationName = Release;
		};
		433CC46D23338F49005E6C18 /* Build configuration list for PBXNativeTarget "SampleTests" */ = {
			isa = XCConfigurationList;
			buildConfigurations = (
				433CC46E23338F49005E6C18 /* Debug */,
				433CC46F23338F49005E6C18 /* Release */,
			);
			defaultConfigurationIsVisible = 0;
			defaultConfigurationName = Release;
		};
		433CC47023338F49005E6C18 /* Build configuration list for PBXNativeTarget "SampleUITests" */ = {
			isa = XCConfigurationList;
			buildConfigurations = (
				433CC47123338F49005E6C18 /* Debug */,
				433CC47223338F49005E6C18 /* Release */,
			);
			defaultConfigurationIsVisible = 0;
			defaultConfigurationName = Release;
		};
/* End XCConfigurationList section */
	};
	rootObject = 433CC43A23338F48005E6C18 /* Project object */;
}
